
Microsoft Visual Studio Solution File, Format Version 12.00
# Visual Studio Version 17
VisualStudioVersion = 17.9.34728.123
MinimumVisualStudioVersion = 10.0.40219.1
Project("{FAE04EC0-301F-11D3-BF4B-00C04F79EFBC}") = "ApiWithRoles", "ApiWithRoles.csproj", "{387A527D-B95A-43F0-AA9A-DABB40D2B039}"
EndProject
Global
	GlobalSection(SolutionConfigurationPlatforms) = preSolution
		Debug|Any CPU = Debug|Any CPU
		Release|Any CPU = Release|Any CPU
	EndGlobalSection
	GlobalSection(ProjectConfigurationPlatforms) = postSolution
		{387A527D-B95A-43F0-AA9A-DABB40D2B039}.Debug|Any CPU.ActiveCfg = Debug|Any CPU
		{387A527D-B95A-43F0-AA9A-DABB40D2B039}.Debug|Any CPU.Build.0 = Debug|Any CPU
		{387A527D-B95A-43F0-AA9A-DABB40D2B039}.Release|Any CPU.ActiveCfg = Release|Any CPU
		{387A527D-B95A-43F0-AA9A-DABB40D2B039}.Release|Any CPU.Build.0 = Release|Any CPU
	EndGlobalSection
	GlobalSection(SolutionProperties) = preSolution
		HideSolutionNode = FALSE
	EndGlobalSection
	GlobalSection(ExtensibilityGlobals) = postSolution
		SolutionGuid = {ACA55F44-3EEE-43D5-AEFE-70C7CE3813B8}
	EndGlobalSection
EndGlobal
